// !$*UTF8*$!
{
	archiveVersion = 1;
	classes = {
	};
	objectVersion = 48;
	objects = {

/* Begin PBXBuildFile section */
		0909368A2064213900EBA1BF /* Note.swift in Sources */ = {isa = PBXBuildFile; fileRef = 090936892064213900EBA1BF /* Note.swift */; };
		0909368C206429FD00EBA1BF /* Duration.swift in Sources */ = {isa = PBXBuildFile; fileRef = 0909368B206429FD00EBA1BF /* Duration.swift */; };
		0909368E20642CA800EBA1BF /* Tone.swift in Sources */ = {isa = PBXBuildFile; fileRef = 0909368D20642CA800EBA1BF /* Tone.swift */; };
		0909369020643EE500EBA1BF /* Sequentiable.swift in Sources */ = {isa = PBXBuildFile; fileRef = 0909368F20643EE500EBA1BF /* Sequentiable.swift */; };
		091350C12062C45200D909B1 /* Sequencer.swift in Sources */ = {isa = PBXBuildFile; fileRef = 091350C02062C45200D909B1 /* Sequencer.swift */; };
		092AD78E2060CBE500E98981 /* AppDelegate.swift in Sources */ = {isa = PBXBuildFile; fileRef = 092AD78D2060CBE500E98981 /* AppDelegate.swift */; };
		092AD7902060CBE500E98981 /* ViewController.swift in Sources */ = {isa = PBXBuildFile; fileRef = 092AD78F2060CBE500E98981 /* ViewController.swift */; };
		092AD7952060CBE500E98981 /* Assets.xcassets in Resources */ = {isa = PBXBuildFile; fileRef = 092AD7942060CBE500E98981 /* Assets.xcassets */; };
		092AD7982060CBE500E98981 /* LaunchScreen.storyboard in Resources */ = {isa = PBXBuildFile; fileRef = 092AD7962060CBE500E98981 /* LaunchScreen.storyboard */; };
		092AD7A02060DC9D00E98981 /* Sampler.swift in Sources */ = {isa = PBXBuildFile; fileRef = 092AD79F2060DC9D00E98981 /* Sampler.swift */; };
		092AD7A62060EDBE00E98981 /* piano.sf2 in Resources */ = {isa = PBXBuildFile; fileRef = 092AD7A52060EDBE00E98981 /* piano.sf2 */; };
		099307F720657CD4004B8BA1 /* Scale.swift in Sources */ = {isa = PBXBuildFile; fileRef = 099307F620657CD4004B8BA1 /* Scale.swift */; };
		099307F920658064004B8BA1 /* Interval.swift in Sources */ = {isa = PBXBuildFile; fileRef = 099307F820658064004B8BA1 /* Interval.swift */; };
		099307FC2065D919004B8BA1 /* IntExtensions.swift in Sources */ = {isa = PBXBuildFile; fileRef = 099307FB2065D919004B8BA1 /* IntExtensions.swift */; };
		09964A1E2066104E004EEF75 /* Chord.swift in Sources */ = {isa = PBXBuildFile; fileRef = 09964A1D2066104E004EEF75 /* Chord.swift */; };
		09964A20206613B7004EEF75 /* ArrayExtensions.swift in Sources */ = {isa = PBXBuildFile; fileRef = 09964A1F206613B7004EEF75 /* ArrayExtensions.swift */; };
		09964A222066233D004EEF75 /* Sequence.swift in Sources */ = {isa = PBXBuildFile; fileRef = 09964A212066233D004EEF75 /* Sequence.swift */; };
		09964A2420669BE4004EEF75 /* Harmonization.swift in Sources */ = {isa = PBXBuildFile; fileRef = 09964A2320669BE4004EEF75 /* Harmonization.swift */; };
		09ACBEAC20671AB600ACBE99 /* bass.sf2 in Resources */ = {isa = PBXBuildFile; fileRef = 09ACBEAB20671AB600ACBE99 /* bass.sf2 */; };
		09ACBEAE20685EF000ACBE99 /* ChordComper.swift in Sources */ = {isa = PBXBuildFile; fileRef = 09ACBEAD20685EF000ACBE99 /* ChordComper.swift */; };
		09ACBEB0206865DF00ACBE99 /* Info.plist in Resources */ = {isa = PBXBuildFile; fileRef = 092AD7992060CBE500E98981 /* Info.plist */; };
		09ACBEB220687BBC00ACBE99 /* Rythm.swift in Sources */ = {isa = PBXBuildFile; fileRef = 09ACBEB120687BBC00ACBE99 /* Rythm.swift */; };
		09ACBEB42068C95900ACBE99 /* Bassliner.swift in Sources */ = {isa = PBXBuildFile; fileRef = 09ACBEB32068C95900ACBE99 /* Bassliner.swift */; };
/* End PBXBuildFile section */

/* Begin PBXFileReference section */
		090936892064213900EBA1BF /* Note.swift */ = {isa = PBXFileReference; lastKnownFileType = sourcecode.swift; path = Note.swift; sourceTree = "<group>"; };
		0909368B206429FD00EBA1BF /* Duration.swift */ = {isa = PBXFileReference; lastKnownFileType = sourcecode.swift; path = Duration.swift; sourceTree = "<group>"; };
		0909368D20642CA800EBA1BF /* Tone.swift */ = {isa = PBXFileReference; lastKnownFileType = sourcecode.swift; path = Tone.swift; sourceTree = "<group>"; };
		0909368F20643EE500EBA1BF /* Sequentiable.swift */ = {isa = PBXFileReference; lastKnownFileType = sourcecode.swift; path = Sequentiable.swift; sourceTree = "<group>"; };
		091350C02062C45200D909B1 /* Sequencer.swift */ = {isa = PBXFileReference; lastKnownFileType = sourcecode.swift; path = Sequencer.swift; sourceTree = "<group>"; };
		092AD78A2060CBE500E98981 /* Miles.app */ = {isa = PBXFileReference; explicitFileType = wrapper.application; includeInIndex = 0; path = Miles.app; sourceTree = BUILT_PRODUCTS_DIR; };
		092AD78D2060CBE500E98981 /* AppDelegate.swift */ = {isa = PBXFileReference; lastKnownFileType = sourcecode.swift; path = AppDelegate.swift; sourceTree = "<group>"; };
		092AD78F2060CBE500E98981 /* ViewController.swift */ = {isa = PBXFileReference; lastKnownFileType = sourcecode.swift; path = ViewController.swift; sourceTree = "<group>"; };
		092AD7942060CBE500E98981 /* Assets.xcassets */ = {isa = PBXFileReference; lastKnownFileType = folder.assetcatalog; path = Assets.xcassets; sourceTree = "<group>"; };
		092AD7972060CBE500E98981 /* Base */ = {isa = PBXFileReference; lastKnownFileType = file.storyboard; name = Base; path = Base.lproj/LaunchScreen.storyboard; sourceTree = "<group>"; };
		092AD7992060CBE500E98981 /* Info.plist */ = {isa = PBXFileReference; lastKnownFileType = text.plist.xml; path = Info.plist; sourceTree = "<group>"; };
		092AD79F2060DC9D00E98981 /* Sampler.swift */ = {isa = PBXFileReference; lastKnownFileType = sourcecode.swift; path = Sampler.swift; sourceTree = "<group>"; };
		092AD7A52060EDBE00E98981 /* piano.sf2 */ = {isa = PBXFileReference; lastKnownFileType = file; path = piano.sf2; sourceTree = "<group>"; };
		099307F620657CD4004B8BA1 /* Scale.swift */ = {isa = PBXFileReference; lastKnownFileType = sourcecode.swift; path = Scale.swift; sourceTree = "<group>"; };
		099307F820658064004B8BA1 /* Interval.swift */ = {isa = PBXFileReference; lastKnownFileType = sourcecode.swift; path = Interval.swift; sourceTree = "<group>"; };
		099307FB2065D919004B8BA1 /* IntExtensions.swift */ = {isa = PBXFileReference; lastKnownFileType = sourcecode.swift; path = IntExtensions.swift; sourceTree = "<group>"; };
		09964A1D2066104E004EEF75 /* Chord.swift */ = {isa = PBXFileReference; lastKnownFileType = sourcecode.swift; path = Chord.swift; sourceTree = "<group>"; };
		09964A1F206613B7004EEF75 /* ArrayExtensions.swift */ = {isa = PBXFileReference; lastKnownFileType = sourcecode.swift; path = ArrayExtensions.swift; sourceTree = "<group>"; };
		09964A212066233D004EEF75 /* Sequence.swift */ = {isa = PBXFileReference; lastKnownFileType = sourcecode.swift; path = Sequence.swift; sourceTree = "<group>"; };
		09964A2320669BE4004EEF75 /* Harmonization.swift */ = {isa = PBXFileReference; lastKnownFileType = sourcecode.swift; path = Harmonization.swift; sourceTree = "<group>"; };
		09ACBEAB20671AB600ACBE99 /* bass.sf2 */ = {isa = PBXFileReference; lastKnownFileType = file; path = bass.sf2; sourceTree = "<group>"; };
		09ACBEAD20685EF000ACBE99 /* ChordComper.swift */ = {isa = PBXFileReference; lastKnownFileType = sourcecode.swift; path = ChordComper.swift; sourceTree = "<group>"; };
		09ACBEB120687BBC00ACBE99 /* Rythm.swift */ = {isa = PBXFileReference; lastKnownFileType = sourcecode.swift; path = Rythm.swift; sourceTree = "<group>"; };
		09ACBEB32068C95900ACBE99 /* Bassliner.swift */ = {isa = PBXFileReference; lastKnownFileType = sourcecode.swift; path = Bassliner.swift; sourceTree = "<group>"; };
/* End PBXFileReference section */

/* Begin PBXFrameworksBuildPhase section */
		092AD7872060CBE500E98981 /* Frameworks */ = {
			isa = PBXFrameworksBuildPhase;
			buildActionMask = 2147483647;
			files = (
			);
			runOnlyForDeploymentPostprocessing = 0;
		};
/* End PBXFrameworksBuildPhase section */

/* Begin PBXGroup section */
		092AD7812060CBE500E98981 = {
			isa = PBXGroup;
			children = (
				092AD78C2060CBE500E98981 /* Miles */,
				092AD7992060CBE500E98981 /* Info.plist */,
				092AD7962060CBE500E98981 /* LaunchScreen.storyboard */,
				092AD7942060CBE500E98981 /* Assets.xcassets */,
				092AD78B2060CBE500E98981 /* Products */,
			);
			sourceTree = "<group>";
		};
		092AD78B2060CBE500E98981 /* Products */ = {
			isa = PBXGroup;
			children = (
				092AD78A2060CBE500E98981 /* Miles.app */,
			);
			name = Products;
			sourceTree = "<group>";
		};
		092AD78C2060CBE500E98981 /* Miles */ = {
			isa = PBXGroup;
			children = (
				092AD78F2060CBE500E98981 /* ViewController.swift */,
				092AD78D2060CBE500E98981 /* AppDelegate.swift */,
				092AD79F2060DC9D00E98981 /* Sampler.swift */,
				091350C02062C45200D909B1 /* Sequencer.swift */,
				09964A212066233D004EEF75 /* Sequence.swift */,
				0909368F20643EE500EBA1BF /* Sequentiable.swift */,
				09ACBEAD20685EF000ACBE99 /* ChordComper.swift */,
				09ACBEB32068C95900ACBE99 /* Bassliner.swift */,
				090936892064213900EBA1BF /* Note.swift */,
				09ACBEB120687BBC00ACBE99 /* Rythm.swift */,
				099307FA20658844004B8BA1 /* Theory */,
				09ACBEAF20685EFD00ACBE99 /* Instruments */,
				099307FD2065DDDD004B8BA1 /* Extensions */,
			);
			path = Miles;
			sourceTree = "<group>";
		};
		099307FA20658844004B8BA1 /* Theory */ = {
			isa = PBXGroup;
			children = (
				0909368D20642CA800EBA1BF /* Tone.swift */,
				099307F820658064004B8BA1 /* Interval.swift */,
				099307F620657CD4004B8BA1 /* Scale.swift */,
				09964A1D2066104E004EEF75 /* Chord.swift */,
				09964A2320669BE4004EEF75 /* Harmonization.swift */,
				0909368B206429FD00EBA1BF /* Duration.swift */,
			);
			path = Theory;
			sourceTree = "<group>";
		};
		099307FD2065DDDD004B8BA1 /* Extensions */ = {
			isa = PBXGroup;
			children = (
				099307FB2065D919004B8BA1 /* IntExtensions.swift */,
				09964A1F206613B7004EEF75 /* ArrayExtensions.swift */,
			);
			path = Extensions;
			sourceTree = "<group>";
		};
		09ACBEAF20685EFD00ACBE99 /* Instruments */ = {
			isa = PBXGroup;
			children = (
				09ACBEAB20671AB600ACBE99 /* bass.sf2 */,
				092AD7A52060EDBE00E98981 /* piano.sf2 */,
			);
			path = Instruments;
			sourceTree = "<group>";
		};
/* End PBXGroup section */

/* Begin PBXNativeTarget section */
		092AD7892060CBE500E98981 /* Miles */ = {
			isa = PBXNativeTarget;
			buildConfigurationList = 092AD79C2060CBE500E98981 /* Build configuration list for PBXNativeTarget "Miles" */;
			buildPhases = (
				092AD7862060CBE500E98981 /* Sources */,
				092AD7872060CBE500E98981 /* Frameworks */,
				092AD7882060CBE500E98981 /* Resources */,
			);
			buildRules = (
			);
			dependencies = (
			);
			name = Miles;
			productName = Miles;
			productReference = 092AD78A2060CBE500E98981 /* Miles.app */;
			productType = "com.apple.product-type.application";
		};
/* End PBXNativeTarget section */

/* Begin PBXProject section */
		092AD7822060CBE500E98981 /* Project object */ = {
			isa = PBXProject;
			attributes = {
				LastSwiftUpdateCheck = 0920;
				LastUpgradeCheck = 0920;
				ORGANIZATIONNAME = "Lalo Martínez";
				TargetAttributes = {
					092AD7892060CBE500E98981 = {
						CreatedOnToolsVersion = 9.2;
						ProvisioningStyle = Automatic;
					};
				};
			};
			buildConfigurationList = 092AD7852060CBE500E98981 /* Build configuration list for PBXProject "Miles" */;
			compatibilityVersion = "Xcode 8.0";
			developmentRegion = en;
			hasScannedForEncodings = 0;
			knownRegions = (
				en,
				Base,
			);
			mainGroup = 092AD7812060CBE500E98981;
			productRefGroup = 092AD78B2060CBE500E98981 /* Products */;
			projectDirPath = "";
			projectRoot = "";
			targets = (
				092AD7892060CBE500E98981 /* Miles */,
			);
		};
/* End PBXProject section */

/* Begin PBXResourcesBuildPhase section */
		092AD7882060CBE500E98981 /* Resources */ = {
			isa = PBXResourcesBuildPhase;
			buildActionMask = 2147483647;
			files = (
				092AD7982060CBE500E98981 /* LaunchScreen.storyboard in Resources */,
				09ACBEAC20671AB600ACBE99 /* bass.sf2 in Resources */,
				092AD7A62060EDBE00E98981 /* piano.sf2 in Resources */,
				09ACBEB0206865DF00ACBE99 /* Info.plist in Resources */,
				092AD7952060CBE500E98981 /* Assets.xcassets in Resources */,
			);
			runOnlyForDeploymentPostprocessing = 0;
		};
/* End PBXResourcesBuildPhase section */

/* Begin PBXSourcesBuildPhase section */
		092AD7862060CBE500E98981 /* Sources */ = {
			isa = PBXSourcesBuildPhase;
			buildActionMask = 2147483647;
			files = (
				09964A20206613B7004EEF75 /* ArrayExtensions.swift in Sources */,
				099307F920658064004B8BA1 /* Interval.swift in Sources */,
				09964A222066233D004EEF75 /* Sequence.swift in Sources */,
				0909368A2064213900EBA1BF /* Note.swift in Sources */,
				092AD7902060CBE500E98981 /* ViewController.swift in Sources */,
				091350C12062C45200D909B1 /* Sequencer.swift in Sources */,
				09ACBEAE20685EF000ACBE99 /* ChordComper.swift in Sources */,
				09ACBEB220687BBC00ACBE99 /* Rythm.swift in Sources */,
				099307FC2065D919004B8BA1 /* IntExtensions.swift in Sources */,
				0909368C206429FD00EBA1BF /* Duration.swift in Sources */,
				09964A1E2066104E004EEF75 /* Chord.swift in Sources */,
				0909368E20642CA800EBA1BF /* Tone.swift in Sources */,
				09964A2420669BE4004EEF75 /* Harmonization.swift in Sources */,
				09ACBEB42068C95900ACBE99 /* Bassliner.swift in Sources */,
				0909369020643EE500EBA1BF /* Sequentiable.swift in Sources */,
				092AD78E2060CBE500E98981 /* AppDelegate.swift in Sources */,
				099307F720657CD4004B8BA1 /* Scale.swift in Sources */,
				092AD7A02060DC9D00E98981 /* Sampler.swift in Sources */,
			);
			runOnlyForDeploymentPostprocessing = 0;
		};
/* End PBXSourcesBuildPhase section */

/* Begin PBXVariantGroup section */
		092AD7962060CBE500E98981 /* LaunchScreen.storyboard */ = {
			isa = PBXVariantGroup;
			children = (
				092AD7972060CBE500E98981 /* Base */,
			);
			name = LaunchScreen.storyboard;
			sourceTree = "<group>";
		};
/* End PBXVariantGroup section */

/* Begin XCBuildConfiguration section */
		092AD79A2060CBE500E98981 /* Debug */ = {
			isa = XCBuildConfiguration;
			buildSettings = {
				ALWAYS_SEARCH_USER_PATHS = NO;
				CLANG_ANALYZER_NONNULL = YES;
				CLANG_ANALYZER_NUMBER_OBJECT_CONVERSION = YES_AGGRESSIVE;
				CLANG_CXX_LANGUAGE_STANDARD = "gnu++14";
				CLANG_CXX_LIBRARY = "libc++";
				CLANG_ENABLE_MODULES = YES;
				CLANG_ENABLE_OBJC_ARC = YES;
				CLANG_WARN_BLOCK_CAPTURE_AUTORELEASING = YES;
				CLANG_WARN_BOOL_CONVERSION = YES;
				CLANG_WARN_COMMA = YES;
				CLANG_WARN_CONSTANT_CONVERSION = YES;
				CLANG_WARN_DIRECT_OBJC_ISA_USAGE = YES_ERROR;
				CLANG_WARN_DOCUMENTATION_COMMENTS = YES;
				CLANG_WARN_EMPTY_BODY = YES;
				CLANG_WARN_ENUM_CONVERSION = YES;
				CLANG_WARN_INFINITE_RECURSION = YES;
				CLANG_WARN_INT_CONVERSION = YES;
				CLANG_WARN_NON_LITERAL_NULL_CONVERSION = YES;
				CLANG_WARN_OBJC_LITERAL_CONVERSION = YES;
				CLANG_WARN_OBJC_ROOT_CLASS = YES_ERROR;
				CLANG_WARN_RANGE_LOOP_ANALYSIS = YES;
				CLANG_WARN_STRICT_PROTOTYPES = YES;
				CLANG_WARN_SUSPICIOUS_MOVE = YES;
				CLANG_WARN_UNGUARDED_AVAILABILITY = YES_AGGRESSIVE;
				CLANG_WARN_UNREACHABLE_CODE = YES;
				CLANG_WARN__DUPLICATE_METHOD_MATCH = YES;
				CODE_SIGN_IDENTITY = "iPhone Developer";
				COPY_PHASE_STRIP = NO;
				DEBUG_INFORMATION_FORMAT = dwarf;
				ENABLE_STRICT_OBJC_MSGSEND = YES;
				ENABLE_TESTABILITY = YES;
				GCC_C_LANGUAGE_STANDARD = gnu11;
				GCC_DYNAMIC_NO_PIC = NO;
				GCC_NO_COMMON_BLOCKS = YES;
				GCC_OPTIMIZATION_LEVEL = 0;
				GCC_PREPROCESSOR_DEFINITIONS = (
					"DEBUG=1",
					"$(inherited)",
				);
				GCC_WARN_64_TO_32_BIT_CONVERSION = YES;
				GCC_WARN_ABOUT_RETURN_TYPE = YES_ERROR;
				GCC_WARN_UNDECLARED_SELECTOR = YES;
				GCC_WARN_UNINITIALIZED_AUTOS = YES_AGGRESSIVE;
				GCC_WARN_UNUSED_FUNCTION = YES;
				GCC_WARN_UNUSED_VARIABLE = YES;
				IPHONEOS_DEPLOYMENT_TARGET = 11.2;
				MTL_ENABLE_DEBUG_INFO = YES;
				ONLY_ACTIVE_ARCH = YES;
				SDKROOT = iphoneos;
				SWIFT_ACTIVE_COMPILATION_CONDITIONS = DEBUG;
				SWIFT_OPTIMIZATION_LEVEL = "-Onone";
			};
			name = Debug;
		};
		092AD79B2060CBE500E98981 /* Release */ = {
			isa = XCBuildConfiguration;
			buildSettings = {
				ALWAYS_SEARCH_USER_PATHS = NO;
				CLANG_ANALYZER_NONNULL = YES;
				CLANG_ANALYZER_NUMBER_OBJECT_CONVERSION = YES_AGGRESSIVE;
				CLANG_CXX_LANGUAGE_STANDARD = "gnu++14";
				CLANG_CXX_LIBRARY = "libc++";
				CLANG_ENABLE_MODULES = YES;
				CLANG_ENABLE_OBJC_ARC = YES;
				CLANG_WARN_BLOCK_CAPTURE_AUTORELEASING = YES;
				CLANG_WARN_BOOL_CONVERSION = YES;
				CLANG_WARN_COMMA = YES;
				CLANG_WARN_CONSTANT_CONVERSION = YES;
				CLANG_WARN_DIRECT_OBJC_ISA_USAGE = YES_ERROR;
				CLANG_WARN_DOCUMENTATION_COMMENTS = YES;
				CLANG_WARN_EMPTY_BODY = YES;
				CLANG_WARN_ENUM_CONVERSION = YES;
				CLANG_WARN_INFINITE_RECURSION = YES;
				CLANG_WARN_INT_CONVERSION = YES;
				CLANG_WARN_NON_LITERAL_NULL_CONVERSION = YES;
				CLANG_WARN_OBJC_LITERAL_CONVERSION = YES;
				CLANG_WARN_OBJC_ROOT_CLASS = YES_ERROR;
				CLANG_WARN_RANGE_LOOP_ANALYSIS = YES;
				CLANG_WARN_STRICT_PROTOTYPES = YES;
				CLANG_WARN_SUSPICIOUS_MOVE = YES;
				CLANG_WARN_UNGUARDED_AVAILABILITY = YES_AGGRESSIVE;
				CLANG_WARN_UNREACHABLE_CODE = YES;
				CLANG_WARN__DUPLICATE_METHOD_MATCH = YES;
				CODE_SIGN_IDENTITY = "iPhone Developer";
				COPY_PHASE_STRIP = NO;
				DEBUG_INFORMATION_FORMAT = "dwarf-with-dsym";
				ENABLE_NS_ASSERTIONS = NO;
				ENABLE_STRICT_OBJC_MSGSEND = YES;
				GCC_C_LANGUAGE_STANDARD = gnu11;
				GCC_NO_COMMON_BLOCKS = YES;
				GCC_WARN_64_TO_32_BIT_CONVERSION = YES;
				GCC_WARN_ABOUT_RETURN_TYPE = YES_ERROR;
				GCC_WARN_UNDECLARED_SELECTOR = YES;
				GCC_WARN_UNINITIALIZED_AUTOS = YES_AGGRESSIVE;
				GCC_WARN_UNUSED_FUNCTION = YES;
				GCC_WARN_UNUSED_VARIABLE = YES;
				IPHONEOS_DEPLOYMENT_TARGET = 11.2;
				MTL_ENABLE_DEBUG_INFO = NO;
				SDKROOT = iphoneos;
				SWIFT_OPTIMIZATION_LEVEL = "-Owholemodule";
				VALIDATE_PRODUCT = YES;
			};
			name = Release;
		};
		092AD79D2060CBE500E98981 /* Debug */ = {
			isa = XCBuildConfiguration;
			buildSettings = {
				ASSETCATALOG_COMPILER_APPICON_NAME = AppIcon;
				CODE_SIGN_STYLE = Automatic;
				DEVELOPMENT_TEAM = TZ776F43UB;
				INFOPLIST_FILE = "$(SRCROOT)/Info.plist";
				LD_RUNPATH_SEARCH_PATHS = "$(inherited) @executable_path/Frameworks";
				PRODUCT_BUNDLE_IDENTIFIER = com.lalo.Miles;
				PRODUCT_NAME = "$(TARGET_NAME)";
				SWIFT_VERSION = 4.0;
				TARGETED_DEVICE_FAMILY = "1,2";
			};
			name = Debug;
		};
		092AD79E2060CBE500E98981 /* Release */ = {
			isa = XCBuildConfiguration;
			buildSettings = {
				ASSETCATALOG_COMPILER_APPICON_NAME = AppIcon;
				CODE_SIGN_STYLE = Automatic;
				DEVELOPMENT_TEAM = TZ776F43UB;
				INFOPLIST_FILE = "$(SRCROOT)/Info.plist";
				LD_RUNPATH_SEARCH_PATHS = "$(inherited) @executable_path/Frameworks";
				PRODUCT_BUNDLE_IDENTIFIER = com.lalo.Miles;
				PRODUCT_NAME = "$(TARGET_NAME)";
				SWIFT_VERSION = 4.0;
				TARGETED_DEVICE_FAMILY = "1,2";
			};
			name = Release;
		};
/* End XCBuildConfiguration section */

/* Begin XCConfigurationList section */
		092AD7852060CBE500E98981 /* Build configuration list for PBXProject "Miles" */ = {
			isa = XCConfigurationList;
			buildConfigurations = (
				092AD79A2060CBE500E98981 /* Debug */,
				092AD79B2060CBE500E98981 /* Release */,
			);
			defaultConfigurationIsVisible = 0;
			defaultConfigurationName = Release;
		};
		092AD79C2060CBE500E98981 /* Build configuration list for PBXNativeTarget "Miles" */ = {
			isa = XCConfigurationList;
			buildConfigurations = (
				092AD79D2060CBE500E98981 /* Debug */,
				092AD79E2060CBE500E98981 /* Release */,
			);
			defaultConfigurationIsVisible = 0;
			defaultConfigurationName = Release;
		};
/* End XCConfigurationList section */
	};
	rootObject = 092AD7822060CBE500E98981 /* Project object */;
}
